// !$*UTF8*$!
{
	archiveVersion = 1;
	classes = {
	};
	objectVersion = 50;
	objects = {

/* Begin PBXBuildFile section */
		AE6EE2242106FDCA007A9637 /* AppDelegate.swift in Sources */ = {isa = PBXBuildFile; fileRef = AE6EE2232106FDCA007A9637 /* AppDelegate.swift */; };
		AE6EE2262106FDCA007A9637 /* ViewController.swift in Sources */ = {isa = PBXBuildFile; fileRef = AE6EE2252106FDCA007A9637 /* ViewController.swift */; };
		AE6EE2292106FDCA007A9637 /* Main.storyboard in Resources */ = {isa = PBXBuildFile; fileRef = AE6EE2272106FDCA007A9637 /* Main.storyboard */; };
		AE6EE22B2106FDCC007A9637 /* Assets.xcassets in Resources */ = {isa = PBXBuildFile; fileRef = AE6EE22A2106FDCC007A9637 /* Assets.xcassets */; };
		AE6EE22E2106FDCC007A9637 /* LaunchScreen.storyboard in Resources */ = {isa = PBXBuildFile; fileRef = AE6EE22C2106FDCC007A9637 /* LaunchScreen.storyboard */; };
		AE6EE2452106FE2A007A9637 /* ViewControllerTests.swift in Sources */ = {isa = PBXBuildFile; fileRef = AE6EE2442106FE2A007A9637 /* ViewControllerTests.swift */; };
/* End PBXBuildFile section */

/* Begin PBXContainerItemProxy section */
		AE6EE2352106FDCC007A9637 /* PBXContainerItemProxy */ = {
			isa = PBXContainerItemProxy;
			containerPortal = AE6EE2182106FDCA007A9637 /* Project object */;
			proxyType = 1;
			remoteGlobalIDString = AE6EE21F2106FDCA007A9637;
			remoteInfo = ColorPatternGame;
		};
/* End PBXContainerItemProxy section */

/* Begin PBXFileReference section */
		AE6EE2202106FDCA007A9637 /* ColorPatternGame.app */ = {isa = PBXFileReference; explicitFileType = wrapper.application; includeInIndex = 0; path = ColorPatternGame.app; sourceTree = BUILT_PRODUCTS_DIR; };
		AE6EE2232106FDCA007A9637 /* AppDelegate.swift */ = {isa = PBXFileReference; lastKnownFileType = sourcecode.swift; path = AppDelegate.swift; sourceTree = "<group>"; };
		AE6EE2252106FDCA007A9637 /* ViewController.swift */ = {isa = PBXFileReference; lastKnownFileType = sourcecode.swift; path = ViewController.swift; sourceTree = "<group>"; };
		AE6EE2282106FDCA007A9637 /* Base */ = {isa = PBXFileReference; lastKnownFileType = file.storyboard; name = Base; path = Base.lproj/Main.storyboard; sourceTree = "<group>"; };
		AE6EE22A2106FDCC007A9637 /* Assets.xcassets */ = {isa = PBXFileReference; lastKnownFileType = folder.assetcatalog; path = Assets.xcassets; sourceTree = "<group>"; };
		AE6EE22D2106FDCC007A9637 /* Base */ = {isa = PBXFileReference; lastKnownFileType = file.storyboard; name = Base; path = Base.lproj/LaunchScreen.storyboard; sourceTree = "<group>"; };
		AE6EE22F2106FDCC007A9637 /* Info.plist */ = {isa = PBXFileReference; lastKnownFileType = text.plist.xml; path = Info.plist; sourceTree = "<group>"; };
		AE6EE2342106FDCC007A9637 /* ColorPatternGameTests.xctest */ = {isa = PBXFileReference; explicitFileType = wrapper.cfbundle; includeInIndex = 0; path = ColorPatternGameTests.xctest; sourceTree = BUILT_PRODUCTS_DIR; };
		AE6EE23A2106FDCC007A9637 /* Info.plist */ = {isa = PBXFileReference; lastKnownFileType = text.plist.xml; path = Info.plist; sourceTree = "<group>"; };
		AE6EE2442106FE2A007A9637 /* ViewControllerTests.swift */ = {isa = PBXFileReference; lastKnownFileType = sourcecode.swift; path = ViewControllerTests.swift; sourceTree = "<group>"; };
/* End PBXFileReference section */

/* Begin PBXFrameworksBuildPhase section */
		AE6EE21D2106FDCA007A9637 /* Frameworks */ = {
			isa = PBXFrameworksBuildPhase;
			buildActionMask = 2147483647;
			files = (
			);
			runOnlyForDeploymentPostprocessing = 0;
		};
		AE6EE2312106FDCC007A9637 /* Frameworks */ = {
			isa = PBXFrameworksBuildPhase;
			buildActionMask = 2147483647;
			files = (
			);
			runOnlyForDeploymentPostprocessing = 0;
		};
/* End PBXFrameworksBuildPhase section */

/* Begin PBXGroup section */
		AE6EE2172106FDCA007A9637 = {
			isa = PBXGroup;
			children = (
				AE6EE2222106FDCA007A9637 /* ColorPatternGame */,
				AE6EE2372106FDCC007A9637 /* ColorPatternGameTests */,
				AE6EE2212106FDCA007A9637 /* Products */,
			);
			sourceTree = "<group>";
		};
		AE6EE2212106FDCA007A9637 /* Products */ = {
			isa = PBXGroup;
			children = (
				AE6EE2202106FDCA007A9637 /* ColorPatternGame.app */,
				AE6EE2342106FDCC007A9637 /* ColorPatternGameTests.xctest */,
			);
			name = Products;
			sourceTree = "<group>";
		};
		AE6EE2222106FDCA007A9637 /* ColorPatternGame */ = {
			isa = PBXGroup;
			children = (
				AE6EE2462106FE76007A9637 /* Controllers */,
				AE6EE2232106FDCA007A9637 /* AppDelegate.swift */,
				AE6EE2272106FDCA007A9637 /* Main.storyboard */,
				AE6EE22A2106FDCC007A9637 /* Assets.xcassets */,
				AE6EE22C2106FDCC007A9637 /* LaunchScreen.storyboard */,
				AE6EE22F2106FDCC007A9637 /* Info.plist */,
			);
			path = ColorPatternGame;
			sourceTree = "<group>";
		};
		AE6EE2372106FDCC007A9637 /* ColorPatternGameTests */ = {
			isa = PBXGroup;
			children = (
				AE6EE2432106FDFA007A9637 /* Test Controllers */,
				AE6EE23A2106FDCC007A9637 /* Info.plist */,
			);
			path = ColorPatternGameTests;
			sourceTree = "<group>";
		};
		AE6EE2432106FDFA007A9637 /* Test Controllers */ = {
			isa = PBXGroup;
			children = (
				AE6EE2442106FE2A007A9637 /* ViewControllerTests.swift */,
			);
			path = "Test Controllers";
			sourceTree = "<group>";
		};
		AE6EE2462106FE76007A9637 /* Controllers */ = {
			isa = PBXGroup;
			children = (
				AE6EE2252106FDCA007A9637 /* ViewController.swift */,
			);
			path = Controllers;
			sourceTree = "<group>";
		};
/* End PBXGroup section */

/* Begin PBXNativeTarget section */
		AE6EE21F2106FDCA007A9637 /* ColorPatternGame */ = {
			isa = PBXNativeTarget;
			buildConfigurationList = AE6EE23D2106FDCC007A9637 /* Build configuration list for PBXNativeTarget "ColorPatternGame" */;
			buildPhases = (
				AE6EE21C2106FDCA007A9637 /* Sources */,
				AE6EE21D2106FDCA007A9637 /* Frameworks */,
				AE6EE21E2106FDCA007A9637 /* Resources */,
			);
			buildRules = (
			);
			dependencies = (
			);
			name = ColorPatternGame;
			productName = ColorPatternGame;
			productReference = AE6EE2202106FDCA007A9637 /* ColorPatternGame.app */;
			productType = "com.apple.product-type.application";
		};
		AE6EE2332106FDCC007A9637 /* ColorPatternGameTests */ = {
			isa = PBXNativeTarget;
			buildConfigurationList = AE6EE2402106FDCC007A9637 /* Build configuration list for PBXNativeTarget "ColorPatternGameTests" */;
			buildPhases = (
				AE6EE2302106FDCC007A9637 /* Sources */,
				AE6EE2312106FDCC007A9637 /* Frameworks */,
				AE6EE2322106FDCC007A9637 /* Resources */,
			);
			buildRules = (
			);
			dependencies = (
				AE6EE2362106FDCC007A9637 /* PBXTargetDependency */,
			);
			name = ColorPatternGameTests;
			productName = ColorPatternGameTests;
			productReference = AE6EE2342106FDCC007A9637 /* ColorPatternGameTests.xctest */;
			productType = "com.apple.product-type.bundle.unit-test";
		};
/* End PBXNativeTarget section */

/* Begin PBXProject section */
		AE6EE2182106FDCA007A9637 /* Project object */ = {
			isa = PBXProject;
			attributes = {
				LastSwiftUpdateCheck = 0940;
				LastUpgradeCheck = 0940;
				ORGANIZATIONNAME = "Heather Mason";
				TargetAttributes = {
					AE6EE21F2106FDCA007A9637 = {
						CreatedOnToolsVersion = 9.4.1;
					};
					AE6EE2332106FDCC007A9637 = {
						CreatedOnToolsVersion = 9.4.1;
						TestTargetID = AE6EE21F2106FDCA007A9637;
					};
				};
			};
			buildConfigurationList = AE6EE21B2106FDCA007A9637 /* Build configuration list for PBXProject "ColorPatternGame" */;
			compatibilityVersion = "Xcode 9.3";
			developmentRegion = en;
			hasScannedForEncodings = 0;
			knownRegions = (
				en,
				Base,
			);
			mainGroup = AE6EE2172106FDCA007A9637;
			productRefGroup = AE6EE2212106FDCA007A9637 /* Products */;
			projectDirPath = "";
			projectRoot = "";
			targets = (
				AE6EE21F2106FDCA007A9637 /* ColorPatternGame */,
				AE6EE2332106FDCC007A9637 /* ColorPatternGameTests */,
			);
		};
/* End PBXProject section */

/* Begin PBXResourcesBuildPhase section */
		AE6EE21E2106FDCA007A9637 /* Resources */ = {
			isa = PBXResourcesBuildPhase;
			buildActionMask = 2147483647;
			files = (
				AE6EE22E2106FDCC007A9637 /* LaunchScreen.storyboard in Resources */,
				AE6EE22B2106FDCC007A9637 /* Assets.xcassets in Resources */,
				AE6EE2292106FDCA007A9637 /* Main.storyboard in Resources */,
			);
			runOnlyForDeploymentPostprocessing = 0;
		};
		AE6EE2322106FDCC007A9637 /* Resources */ = {
			isa = PBXResourcesBuildPhase;
			buildActionMask = 2147483647;
			files = (
			);
			runOnlyForDeploymentPostprocessing = 0;
		};
/* End PBXResourcesBuildPhase section */

/* Begin PBXSourcesBuildPhase section */
		AE6EE21C2106FDCA007A9637 /* Sources */ = {
			isa = PBXSourcesBuildPhase;
			buildActionMask = 2147483647;
			files = (
				AE6EE2262106FDCA007A9637 /* ViewController.swift in Sources */,
				AE6EE2242106FDCA007A9637 /* AppDelegate.swift in Sources */,
			);
			runOnlyForDeploymentPostprocessing = 0;
		};
		AE6EE2302106FDCC007A9637 /* Sources */ = {
			isa = PBXSourcesBuildPhase;
			buildActionMask = 2147483647;
			files = (
				AE6EE2452106FE2A007A9637 /* ViewControllerTests.swift in Sources */,
			);
			runOnlyForDeploymentPostprocessing = 0;
		};
/* End PBXSourcesBuildPhase section */

/* Begin PBXTargetDependency section */
		AE6EE2362106FDCC007A9637 /* PBXTargetDependency */ = {
			isa = PBXTargetDependency;
			target = AE6EE21F2106FDCA007A9637 /* ColorPatternGame */;
			targetProxy = AE6EE2352106FDCC007A9637 /* PBXContainerItemProxy */;
		};
/* End PBXTargetDependency section */

/* Begin PBXVariantGroup section */
		AE6EE2272106FDCA007A9637 /* Main.storyboard */ = {
			isa = PBXVariantGroup;
			children = (
				AE6EE2282106FDCA007A9637 /* Base */,
			);
			name = Main.storyboard;
			sourceTree = "<group>";
		};
		AE6EE22C2106FDCC007A9637 /* LaunchScreen.storyboard */ = {
			isa = PBXVariantGroup;
			children = (
				AE6EE22D2106FDCC007A9637 /* Base */,
			);
			name = LaunchScreen.storyboard;
			sourceTree = "<group>";
		};
/* End PBXVariantGroup section */

/* Begin XCBuildConfiguration section */
		AE6EE23B2106FDCC007A9637 /* Debug */ = {
			isa = XCBuildConfiguration;
			buildSettings = {
				ALWAYS_SEARCH_USER_PATHS = NO;
				CLANG_ANALYZER_NONNULL = YES;
				CLANG_ANALYZER_NUMBER_OBJECT_CONVERSION = YES_AGGRESSIVE;
				CLANG_CXX_LANGUAGE_STANDARD = "gnu++14";
				CLANG_CXX_LIBRARY = "libc++";
				CLANG_ENABLE_MODULES = YES;
				CLANG_ENABLE_OBJC_ARC = YES;
				CLANG_ENABLE_OBJC_WEAK = YES;
				CLANG_WARN_BLOCK_CAPTURE_AUTORELEASING = YES;
				CLANG_WARN_BOOL_CONVERSION = YES;
				CLANG_WARN_COMMA = YES;
				CLANG_WARN_CONSTANT_CONVERSION = YES;
				CLANG_WARN_DEPRECATED_OBJC_IMPLEMENTATIONS = YES;
				CLANG_WARN_DIRECT_OBJC_ISA_USAGE = YES_ERROR;
				CLANG_WARN_DOCUMENTATION_COMMENTS = YES;
				CLANG_WARN_EMPTY_BODY = YES;
				CLANG_WARN_ENUM_CONVERSION = YES;
				CLANG_WARN_INFINITE_RECURSION = YES;
				CLANG_WARN_INT_CONVERSION = YES;
				CLANG_WARN_NON_LITERAL_NULL_CONVERSION = YES;
				CLANG_WARN_OBJC_IMPLICIT_RETAIN_SELF = YES;
				CLANG_WARN_OBJC_LITERAL_CONVERSION = YES;
				CLANG_WARN_OBJC_ROOT_CLASS = YES_ERROR;
				CLANG_WARN_RANGE_LOOP_ANALYSIS = YES;
				CLANG_WARN_STRICT_PROTOTYPES = YES;
				CLANG_WARN_SUSPICIOUS_MOVE = YES;
				CLANG_WARN_UNGUARDED_AVAILABILITY = YES_AGGRESSIVE;
				CLANG_WARN_UNREACHABLE_CODE = YES;
				CLANG_WARN__DUPLICATE_METHOD_MATCH = YES;
				CODE_SIGN_IDENTITY = "iPhone Developer";
				COPY_PHASE_STRIP = NO;
				DEBUG_INFORMATION_FORMAT = dwarf;
				ENABLE_STRICT_OBJC_MSGSEND = YES;
				ENABLE_TESTABILITY = YES;
				GCC_C_LANGUAGE_STANDARD = gnu11;
				GCC_DYNAMIC_NO_PIC = NO;
				GCC_NO_COMMON_BLOCKS = YES;
				GCC_OPTIMIZATION_LEVEL = 0;
				GCC_PREPROCESSOR_DEFINITIONS = (
					"DEBUG=1",
					"$(inherited)",
				);
				GCC_WARN_64_TO_32_BIT_CONVERSION = YES;
				GCC_WARN_ABOUT_RETURN_TYPE = YES_ERROR;
				GCC_WARN_UNDECLARED_SELECTOR = YES;
				GCC_WARN_UNINITIALIZED_AUTOS = YES_AGGRESSIVE;
				GCC_WARN_UNUSED_FUNCTION = YES;
				GCC_WARN_UNUSED_VARIABLE = YES;
				IPHONEOS_DEPLOYMENT_TARGET = 11.4;
				MTL_ENABLE_DEBUG_INFO = YES;
				ONLY_ACTIVE_ARCH = YES;
				SDKROOT = iphoneos;
				SWIFT_ACTIVE_COMPILATION_CONDITIONS = DEBUG;
				SWIFT_OPTIMIZATION_LEVEL = "-Onone";
			};
			name = Debug;
		};
		AE6EE23C2106FDCC007A9637 /* Release */ = {
			isa = XCBuildConfiguration;
			buildSettings = {
				ALWAYS_SEARCH_USER_PATHS = NO;
				CLANG_ANALYZER_NONNULL = YES;
				CLANG_ANALYZER_NUMBER_OBJECT_CONVERSION = YES_AGGRESSIVE;
				CLANG_CXX_LANGUAGE_STANDARD = "gnu++14";
				CLANG_CXX_LIBRARY = "libc++";
				CLANG_ENABLE_MODULES = YES;
				CLANG_ENABLE_OBJC_ARC = YES;
				CLANG_ENABLE_OBJC_WEAK = YES;
				CLANG_WARN_BLOCK_CAPTURE_AUTORELEASING = YES;
				CLANG_WARN_BOOL_CONVERSION = YES;
				CLANG_WARN_COMMA = YES;
				CLANG_WARN_CONSTANT_CONVERSION = YES;
				CLANG_WARN_DEPRECATED_OBJC_IMPLEMENTATIONS = YES;
				CLANG_WARN_DIRECT_OBJC_ISA_USAGE = YES_ERROR;
				CLANG_WARN_DOCUMENTATION_COMMENTS = YES;
				CLANG_WARN_EMPTY_BODY = YES;
				CLANG_WARN_ENUM_CONVERSION = YES;
				CLANG_WARN_INFINITE_RECURSION = YES;
				CLANG_WARN_INT_CONVERSION = YES;
				CLANG_WARN_NON_LITERAL_NULL_CONVERSION = YES;
				CLANG_WARN_OBJC_IMPLICIT_RETAIN_SELF = YES;
				CLANG_WARN_OBJC_LITERAL_CONVERSION = YES;
				CLANG_WARN_OBJC_ROOT_CLASS = YES_ERROR;
				CLANG_WARN_RANGE_LOOP_ANALYSIS = YES;
				CLANG_WARN_STRICT_PROTOTYPES = YES;
				CLANG_WARN_SUSPICIOUS_MOVE = YES;
				CLANG_WARN_UNGUARDED_AVAILABILITY = YES_AGGRESSIVE;
				CLANG_WARN_UNREACHABLE_CODE = YES;
				CLANG_WARN__DUPLICATE_METHOD_MATCH = YES;
				CODE_SIGN_IDENTITY = "iPhone Developer";
				COPY_PHASE_STRIP = NO;
				DEBUG_INFORMATION_FORMAT = "dwarf-with-dsym";
				ENABLE_NS_ASSERTIONS = NO;
				ENABLE_STRICT_OBJC_MSGSEND = YES;
				GCC_C_LANGUAGE_STANDARD = gnu11;
				GCC_NO_COMMON_BLOCKS = YES;
				GCC_WARN_64_TO_32_BIT_CONVERSION = YES;
				GCC_WARN_ABOUT_RETURN_TYPE = YES_ERROR;
				GCC_WARN_UNDECLARED_SELECTOR = YES;
				GCC_WARN_UNINITIALIZED_AUTOS = YES_AGGRESSIVE;
				GCC_WARN_UNUSED_FUNCTION = YES;
				GCC_WARN_UNUSED_VARIABLE = YES;
				IPHONEOS_DEPLOYMENT_TARGET = 11.4;
				MTL_ENABLE_DEBUG_INFO = NO;
				SDKROOT = iphoneos;
				SWIFT_COMPILATION_MODE = wholemodule;
				SWIFT_OPTIMIZATION_LEVEL = "-O";
				VALIDATE_PRODUCT = YES;
			};
			name = Release;
		};
		AE6EE23E2106FDCC007A9637 /* Debug */ = {
			isa = XCBuildConfiguration;
			buildSettings = {
				ASSETCATALOG_COMPILER_APPICON_NAME = AppIcon;
				CODE_SIGN_STYLE = Automatic;
				DEVELOPMENT_TEAM = 766MQFJY2G;
				INFOPLIST_FILE = ColorPatternGame/Info.plist;
				LD_RUNPATH_SEARCH_PATHS = (
					"$(inherited)",
					"@executable_path/Frameworks",
				);
				PRODUCT_BUNDLE_IDENTIFIER = me.heathermason.ColorPatternGame;
				PRODUCT_NAME = "$(TARGET_NAME)";
				SWIFT_VERSION = 4.0;
				TARGETED_DEVICE_FAMILY = "1,2";
			};
			name = Debug;
		};
		AE6EE23F2106FDCC007A9637 /* Release */ = {
			isa = XCBuildConfiguration;
			buildSettings = {
				ASSETCATALOG_COMPILER_APPICON_NAME = AppIcon;
				CODE_SIGN_STYLE = Automatic;
				DEVELOPMENT_TEAM = 766MQFJY2G;
				INFOPLIST_FILE = ColorPatternGame/Info.plist;
				LD_RUNPATH_SEARCH_PATHS = (
					"$(inherited)",
					"@executable_path/Frameworks",
				);
				PRODUCT_BUNDLE_IDENTIFIER = me.heathermason.ColorPatternGame;
				PRODUCT_NAME = "$(TARGET_NAME)";
				SWIFT_VERSION = 4.0;
				TARGETED_DEVICE_FAMILY = "1,2";
			};
			name = Release;
		};
		AE6EE2412106FDCC007A9637 /* Debug */ = {
			isa = XCBuildConfiguration;
			buildSettings = {
				ALWAYS_EMBED_SWIFT_STANDARD_LIBRARIES = YES;
				BUNDLE_LOADER = "$(TEST_HOST)";
				CODE_SIGN_STYLE = Automatic;
				DEVELOPMENT_TEAM = 766MQFJY2G;
				INFOPLIST_FILE = ColorPatternGameTests/Info.plist;
				LD_RUNPATH_SEARCH_PATHS = (
					"$(inherited)",
					"@executable_path/Frameworks",
					"@loader_path/Frameworks",
				);
				PRODUCT_BUNDLE_IDENTIFIER = me.heathermason.ColorPatternGameTests;
				PRODUCT_NAME = "$(TARGET_NAME)";
				SWIFT_VERSION = 4.0;
				TARGETED_DEVICE_FAMILY = "1,2";
				TEST_HOST = "$(BUILT_PRODUCTS_DIR)/ColorPatternGame.app/ColorPatternGame";
			};
			name = Debug;
		};
		AE6EE2422106FDCC007A9637 /* Release */ = {
			isa = XCBuildConfiguration;
			buildSettings = {
				ALWAYS_EMBED_SWIFT_STANDARD_LIBRARIES = YES;
				BUNDLE_LOADER = "$(TEST_HOST)";
				CODE_SIGN_STYLE = Automatic;
				DEVELOPMENT_TEAM = 766MQFJY2G;
				INFOPLIST_FILE = ColorPatternGameTests/Info.plist;
				LD_RUNPATH_SEARCH_PATHS = (
					"$(inherited)",
					"@executable_path/Frameworks",
					"@loader_path/Frameworks",
				);
				PRODUCT_BUNDLE_IDENTIFIER = me.heathermason.ColorPatternGameTests;
				PRODUCT_NAME = "$(TARGET_NAME)";
				SWIFT_VERSION = 4.0;
				TARGETED_DEVICE_FAMILY = "1,2";
				TEST_HOST = "$(BUILT_PRODUCTS_DIR)/ColorPatternGame.app/ColorPatternGame";
			};
			name = Release;
		};
/* End XCBuildConfiguration section */

/* Begin XCConfigurationList section */
		AE6EE21B2106FDCA007A9637 /* Build configuration list for PBXProject "ColorPatternGame" */ = {
			isa = XCConfigurationList;
			buildConfigurations = (
				AE6EE23B2106FDCC007A9637 /* Debug */,
				AE6EE23C2106FDCC007A9637 /* Release */,
			);
			defaultConfigurationIsVisible = 0;
			defaultConfigurationName = Release;
		};
		AE6EE23D2106FDCC007A9637 /* Build configuration list for PBXNativeTarget "ColorPatternGame" */ = {
			isa = XCConfigurationList;
			buildConfigurations = (
				AE6EE23E2106FDCC007A9637 /* Debug */,
				AE6EE23F2106FDCC007A9637 /* Release */,
			);
			defaultConfigurationIsVisible = 0;
			defaultConfigurationName = Release;
		};
		AE6EE2402106FDCC007A9637 /* Build configuration list for PBXNativeTarget "ColorPatternGameTests" */ = {
			isa = XCConfigurationList;
			buildConfigurations = (
				AE6EE2412106FDCC007A9637 /* Debug */,
				AE6EE2422106FDCC007A9637 /* Release */,
			);
			defaultConfigurationIsVisible = 0;
			defaultConfigurationName = Release;
		};
/* End XCConfigurationList section */
	};
	rootObject = AE6EE2182106FDCA007A9637 /* Project object */;
}
